// !$*UTF8*$!
{
	archiveVersion = 1;
	classes = {
	};
	objectVersion = 50;
	objects = {

/* Begin PBXBuildFile section */
		7F51328625785AB90042E2D0 /* EditNotesViewController.swift in Sources */ = {isa = PBXBuildFile; fileRef = 7F51328525785AB80042E2D0 /* EditNotesViewController.swift */; };
		7FEB72572573F81D00CC5558 /* AppDelegate.swift in Sources */ = {isa = PBXBuildFile; fileRef = 7FEB72562573F81D00CC5558 /* AppDelegate.swift */; };
		7FEB72592573F81D00CC5558 /* SceneDelegate.swift in Sources */ = {isa = PBXBuildFile; fileRef = 7FEB72582573F81D00CC5558 /* SceneDelegate.swift */; };
		7FEB725B2573F81D00CC5558 /* NotesViewController.swift in Sources */ = {isa = PBXBuildFile; fileRef = 7FEB725A2573F81D00CC5558 /* NotesViewController.swift */; };
		7FEB725E2573F81D00CC5558 /* Main.storyboard in Resources */ = {isa = PBXBuildFile; fileRef = 7FEB725C2573F81D00CC5558 /* Main.storyboard */; };
		7FEB72602573F81E00CC5558 /* Assets.xcassets in Resources */ = {isa = PBXBuildFile; fileRef = 7FEB725F2573F81E00CC5558 /* Assets.xcassets */; };
		7FEB72632573F81E00CC5558 /* LaunchScreen.storyboard in Resources */ = {isa = PBXBuildFile; fileRef = 7FEB72612573F81E00CC5558 /* LaunchScreen.storyboard */; };
		7FEB72752573F9C400CC5558 /* CoreDataManager.swift in Sources */ = {isa = PBXBuildFile; fileRef = 7FEB72742573F9C400CC5558 /* CoreDataManager.swift */; };
		7FEB727B2573FECC00CC5558 /* Notes.xcdatamodeld in Sources */ = {isa = PBXBuildFile; fileRef = 7FEB72792573FECC00CC5558 /* Notes.xcdatamodeld */; };
		7FEB72802574468600CC5558 /* AddNoteViewController.swift in Sources */ = {isa = PBXBuildFile; fileRef = 7FEB727F2574468600CC5558 /* AddNoteViewController.swift */; };
		7FEB7284257455D700CC5558 /* UIViewController+.swift in Sources */ = {isa = PBXBuildFile; fileRef = 7FEB7283257455D700CC5558 /* UIViewController+.swift */; };
		7FEB728A2577192C00CC5558 /* NotesTableViewCell.swift in Sources */ = {isa = PBXBuildFile; fileRef = 7FEB72882577192C00CC5558 /* NotesTableViewCell.swift */; };
		7FEB728B2577192C00CC5558 /* NotesTableViewCell.xib in Resources */ = {isa = PBXBuildFile; fileRef = 7FEB72892577192C00CC5558 /* NotesTableViewCell.xib */; };
/* End PBXBuildFile section */

/* Begin PBXFileReference section */
		7F51328525785AB80042E2D0 /* EditNotesViewController.swift */ = {isa = PBXFileReference; lastKnownFileType = sourcecode.swift; path = EditNotesViewController.swift; sourceTree = "<group>"; };
		7FEB72532573F81D00CC5558 /* Notes.app */ = {isa = PBXFileReference; explicitFileType = wrapper.application; includeInIndex = 0; path = Notes.app; sourceTree = BUILT_PRODUCTS_DIR; };
		7FEB72562573F81D00CC5558 /* AppDelegate.swift */ = {isa = PBXFileReference; lastKnownFileType = sourcecode.swift; path = AppDelegate.swift; sourceTree = "<group>"; };
		7FEB72582573F81D00CC5558 /* SceneDelegate.swift */ = {isa = PBXFileReference; lastKnownFileType = sourcecode.swift; path = SceneDelegate.swift; sourceTree = "<group>"; };
		7FEB725A2573F81D00CC5558 /* NotesViewController.swift */ = {isa = PBXFileReference; lastKnownFileType = sourcecode.swift; path = NotesViewController.swift; sourceTree = "<group>"; };
		7FEB725D2573F81D00CC5558 /* Base */ = {isa = PBXFileReference; lastKnownFileType = file.storyboard; name = Base; path = Base.lproj/Main.storyboard; sourceTree = "<group>"; };
		7FEB725F2573F81E00CC5558 /* Assets.xcassets */ = {isa = PBXFileReference; lastKnownFileType = folder.assetcatalog; path = Assets.xcassets; sourceTree = "<group>"; };
		7FEB72622573F81E00CC5558 /* Base */ = {isa = PBXFileReference; lastKnownFileType = file.storyboard; name = Base; path = Base.lproj/LaunchScreen.storyboard; sourceTree = "<group>"; };
		7FEB72642573F81E00CC5558 /* Info.plist */ = {isa = PBXFileReference; lastKnownFileType = text.plist.xml; path = Info.plist; sourceTree = "<group>"; };
		7FEB72742573F9C400CC5558 /* CoreDataManager.swift */ = {isa = PBXFileReference; lastKnownFileType = sourcecode.swift; path = CoreDataManager.swift; sourceTree = "<group>"; };
		7FEB727A2573FECC00CC5558 /* Notes.xcdatamodel */ = {isa = PBXFileReference; lastKnownFileType = wrapper.xcdatamodel; path = Notes.xcdatamodel; sourceTree = "<group>"; };
		7FEB727F2574468600CC5558 /* AddNoteViewController.swift */ = {isa = PBXFileReference; lastKnownFileType = sourcecode.swift; path = AddNoteViewController.swift; sourceTree = "<group>"; };
		7FEB7283257455D700CC5558 /* UIViewController+.swift */ = {isa = PBXFileReference; lastKnownFileType = sourcecode.swift; path = "UIViewController+.swift"; sourceTree = "<group>"; };
		7FEB72882577192C00CC5558 /* NotesTableViewCell.swift */ = {isa = PBXFileReference; lastKnownFileType = sourcecode.swift; path = NotesTableViewCell.swift; sourceTree = "<group>"; };
		7FEB72892577192C00CC5558 /* NotesTableViewCell.xib */ = {isa = PBXFileReference; lastKnownFileType = file.xib; path = NotesTableViewCell.xib; sourceTree = "<group>"; };
/* End PBXFileReference section */

/* Begin PBXFrameworksBuildPhase section */
		7FEB72502573F81D00CC5558 /* Frameworks */ = {
			isa = PBXFrameworksBuildPhase;
			buildActionMask = 2147483647;
			files = (
			);
			runOnlyForDeploymentPostprocessing = 0;
		};
/* End PBXFrameworksBuildPhase section */

/* Begin PBXGroup section */
		7FEB724A2573F81D00CC5558 = {
			isa = PBXGroup;
			children = (
				7FEB72552573F81D00CC5558 /* Notes */,
				7FEB72542573F81D00CC5558 /* Products */,
			);
			sourceTree = "<group>";
		};
		7FEB72542573F81D00CC5558 /* Products */ = {
			isa = PBXGroup;
			children = (
				7FEB72532573F81D00CC5558 /* Notes.app */,
			);
			name = Products;
			sourceTree = "<group>";
		};
		7FEB72552573F81D00CC5558 /* Notes */ = {
			isa = PBXGroup;
			children = (
				7FEB7282257455C700CC5558 /* Extensions */,
				7FEB726C2573F84E00CC5558 /* Application Delegate */,
				7FEB72782573FEA700CC5558 /* Core Data */,
				7FEB72642573F81E00CC5558 /* Info.plist */,
				7FEB72732573F9A200CC5558 /* Managers */,
				7FEB726E2573F86800CC5558 /* Resources */,
				7FEB726D2573F86000CC5558 /* Storyboards */,
				7FEB72702573F8AD00CC5558 /* Supporting Files */,
				7FEB726B2573F83A00CC5558 /* View Controllers */,
			);
			path = Notes;
			sourceTree = "<group>";
		};
		7FEB726B2573F83A00CC5558 /* View Controllers */ = {
			isa = PBXGroup;
			children = (
				7FEB726F2573F87D00CC5558 /* RootViewController */,
				7FEB727F2574468600CC5558 /* AddNoteViewController.swift */,
				7F51328525785AB80042E2D0 /* EditNotesViewController.swift */,
			);
			path = "View Controllers";
			sourceTree = "<group>";
		};
		7FEB726C2573F84E00CC5558 /* Application Delegate */ = {
			isa = PBXGroup;
			children = (
				7FEB72582573F81D00CC5558 /* SceneDelegate.swift */,
				7FEB72562573F81D00CC5558 /* AppDelegate.swift */,
			);
			path = "Application Delegate";
			sourceTree = "<group>";
		};
		7FEB726D2573F86000CC5558 /* Storyboards */ = {
			isa = PBXGroup;
			children = (
				7FEB72872577191800CC5558 /* SubViews */,
				7FEB72612573F81E00CC5558 /* LaunchScreen.storyboard */,
				7FEB725C2573F81D00CC5558 /* Main.storyboard */,
			);
			path = Storyboards;
			sourceTree = "<group>";
		};
		7FEB726E2573F86800CC5558 /* Resources */ = {
			isa = PBXGroup;
			children = (
				7FEB725F2573F81E00CC5558 /* Assets.xcassets */,
			);
			path = Resources;
			sourceTree = "<group>";
		};
		7FEB726F2573F87D00CC5558 /* RootViewController */ = {
			isa = PBXGroup;
			children = (
				7FEB725A2573F81D00CC5558 /* NotesViewController.swift */,
			);
			path = RootViewController;
			sourceTree = "<group>";
		};
		7FEB72702573F8AD00CC5558 /* Supporting Files */ = {
			isa = PBXGroup;
			children = (
			);
			path = "Supporting Files";
			sourceTree = "<group>";
		};
		7FEB72732573F9A200CC5558 /* Managers */ = {
			isa = PBXGroup;
			children = (
				7FEB72742573F9C400CC5558 /* CoreDataManager.swift */,
			);
			path = Managers;
			sourceTree = "<group>";
		};
		7FEB72782573FEA700CC5558 /* Core Data */ = {
			isa = PBXGroup;
			children = (
				7FEB72792573FECC00CC5558 /* Notes.xcdatamodeld */,
			);
			path = "Core Data";
			sourceTree = "<group>";
		};
		7FEB7282257455C700CC5558 /* Extensions */ = {
			isa = PBXGroup;
			children = (
				7FEB7283257455D700CC5558 /* UIViewController+.swift */,
			);
			path = Extensions;
			sourceTree = "<group>";
		};
		7FEB72872577191800CC5558 /* SubViews */ = {
			isa = PBXGroup;
			children = (
				7FEB72882577192C00CC5558 /* NotesTableViewCell.swift */,
				7FEB72892577192C00CC5558 /* NotesTableViewCell.xib */,
			);
			path = SubViews;
			sourceTree = "<group>";
		};
/* End PBXGroup section */

/* Begin PBXNativeTarget section */
		7FEB72522573F81D00CC5558 /* Notes */ = {
			isa = PBXNativeTarget;
			buildConfigurationList = 7FEB72672573F81E00CC5558 /* Build configuration list for PBXNativeTarget "Notes" */;
			buildPhases = (
				7FEB724F2573F81D00CC5558 /* Sources */,
				7FEB72502573F81D00CC5558 /* Frameworks */,
				7FEB72512573F81D00CC5558 /* Resources */,
			);
			buildRules = (
			);
			dependencies = (
			);
			name = Notes;
			productName = Notes;
			productReference = 7FEB72532573F81D00CC5558 /* Notes.app */;
			productType = "com.apple.product-type.application";
		};
/* End PBXNativeTarget section */

/* Begin PBXProject section */
		7FEB724B2573F81D00CC5558 /* Project object */ = {
			isa = PBXProject;
			attributes = {
				LastSwiftUpdateCheck = 1220;
				LastUpgradeCheck = 1220;
				TargetAttributes = {
					7FEB72522573F81D00CC5558 = {
						CreatedOnToolsVersion = 12.2;
					};
				};
			};
			buildConfigurationList = 7FEB724E2573F81D00CC5558 /* Build configuration list for PBXProject "Notes" */;
			compatibilityVersion = "Xcode 9.3";
			developmentRegion = en;
			hasScannedForEncodings = 0;
			knownRegions = (
				en,
				Base,
			);
			mainGroup = 7FEB724A2573F81D00CC5558;
			productRefGroup = 7FEB72542573F81D00CC5558 /* Products */;
			projectDirPath = "";
			projectRoot = "";
			targets = (
				7FEB72522573F81D00CC5558 /* Notes */,
			);
		};
/* End PBXProject section */

/* Begin PBXResourcesBuildPhase section */
		7FEB72512573F81D00CC5558 /* Resources */ = {
			isa = PBXResourcesBuildPhase;
			buildActionMask = 2147483647;
			files = (
				7FEB72632573F81E00CC5558 /* LaunchScreen.storyboard in Resources */,
				7FEB72602573F81E00CC5558 /* Assets.xcassets in Resources */,
				7FEB725E2573F81D00CC5558 /* Main.storyboard in Resources */,
				7FEB728B2577192C00CC5558 /* NotesTableViewCell.xib in Resources */,
			);
			runOnlyForDeploymentPostprocessing = 0;
		};
/* End PBXResourcesBuildPhase section */

/* Begin PBXSourcesBuildPhase section */
		7FEB724F2573F81D00CC5558 /* Sources */ = {
			isa = PBXSourcesBuildPhase;
			buildActionMask = 2147483647;
			files = (
				7FEB7284257455D700CC5558 /* UIViewController+.swift in Sources */,
				7FEB725B2573F81D00CC5558 /* NotesViewController.swift in Sources */,
				7FEB727B2573FECC00CC5558 /* Notes.xcdatamodeld in Sources */,
				7F51328625785AB90042E2D0 /* EditNotesViewController.swift in Sources */,
				7FEB72802574468600CC5558 /* AddNoteViewController.swift in Sources */,
				7FEB72572573F81D00CC5558 /* AppDelegate.swift in Sources */,
				7FEB72752573F9C400CC5558 /* CoreDataManager.swift in Sources */,
				7FEB72592573F81D00CC5558 /* SceneDelegate.swift in Sources */,
				7FEB728A2577192C00CC5558 /* NotesTableViewCell.swift in Sources */,
			);
			runOnlyForDeploymentPostprocessing = 0;
		};
/* End PBXSourcesBuildPhase section */

/* Begin PBXVariantGroup section */
		7FEB725C2573F81D00CC5558 /* Main.storyboard */ = {
			isa = PBXVariantGroup;
			children = (
				7FEB725D2573F81D00CC5558 /* Base */,
			);
			name = Main.storyboard;
			sourceTree = "<group>";
		};
		7FEB72612573F81E00CC5558 /* LaunchScreen.storyboard */ = {
			isa = PBXVariantGroup;
			children = (
				7FEB72622573F81E00CC5558 /* Base */,
			);
			name = LaunchScreen.storyboard;
			sourceTree = "<group>";
		};
/* End PBXVariantGroup section */

/* Begin XCBuildConfiguration section */
		7FEB72652573F81E00CC5558 /* Debug */ = {
			isa = XCBuildConfiguration;
			buildSettings = {
				ALWAYS_SEARCH_USER_PATHS = NO;
				CLANG_ANALYZER_NONNULL = YES;
				CLANG_ANALYZER_NUMBER_OBJECT_CONVERSION = YES_AGGRESSIVE;
				CLANG_CXX_LANGUAGE_STANDARD = "gnu++14";
				CLANG_CXX_LIBRARY = "libc++";
				CLANG_ENABLE_MODULES = YES;
				CLANG_ENABLE_OBJC_ARC = YES;
				CLANG_ENABLE_OBJC_WEAK = YES;
				CLANG_WARN_BLOCK_CAPTURE_AUTORELEASING = YES;
				CLANG_WARN_BOOL_CONVERSION = YES;
				CLANG_WARN_COMMA = YES;
				CLANG_WARN_CONSTANT_CONVERSION = YES;
				CLANG_WARN_DEPRECATED_OBJC_IMPLEMENTATIONS = YES;
				CLANG_WARN_DIRECT_OBJC_ISA_USAGE = YES_ERROR;
				CLANG_WARN_DOCUMENTATION_COMMENTS = YES;
				CLANG_WARN_EMPTY_BODY = YES;
				CLANG_WARN_ENUM_CONVERSION = YES;
				CLANG_WARN_INFINITE_RECURSION = YES;
				CLANG_WARN_INT_CONVERSION = YES;
				CLANG_WARN_NON_LITERAL_NULL_CONVERSION = YES;
				CLANG_WARN_OBJC_IMPLICIT_RETAIN_SELF = YES;
				CLANG_WARN_OBJC_LITERAL_CONVERSION = YES;
				CLANG_WARN_OBJC_ROOT_CLASS = YES_ERROR;
				CLANG_WARN_QUOTED_INCLUDE_IN_FRAMEWORK_HEADER = YES;
				CLANG_WARN_RANGE_LOOP_ANALYSIS = YES;
				CLANG_WARN_STRICT_PROTOTYPES = YES;
				CLANG_WARN_SUSPICIOUS_MOVE = YES;
				CLANG_WARN_UNGUARDED_AVAILABILITY = YES_AGGRESSIVE;
				CLANG_WARN_UNREACHABLE_CODE = YES;
				CLANG_WARN__DUPLICATE_METHOD_MATCH = YES;
				COPY_PHASE_STRIP = NO;
				DEBUG_INFORMATION_FORMAT = dwarf;
				ENABLE_STRICT_OBJC_MSGSEND = YES;
				ENABLE_TESTABILITY = YES;
				GCC_C_LANGUAGE_STANDARD = gnu11;
				GCC_DYNAMIC_NO_PIC = NO;
				GCC_NO_COMMON_BLOCKS = YES;
				GCC_OPTIMIZATION_LEVEL = 0;
				GCC_PREPROCESSOR_DEFINITIONS = (
					"DEBUG=1",
					"$(inherited)",
				);
				GCC_WARN_64_TO_32_BIT_CONVERSION = YES;
				GCC_WARN_ABOUT_RETURN_TYPE = YES_ERROR;
				GCC_WARN_UNDECLARED_SELECTOR = YES;
				GCC_WARN_UNINITIALIZED_AUTOS = YES_AGGRESSIVE;
				GCC_WARN_UNUSED_FUNCTION = YES;
				GCC_WARN_UNUSED_VARIABLE = YES;
				IPHONEOS_DEPLOYMENT_TARGET = 14.2;
				MTL_ENABLE_DEBUG_INFO = INCLUDE_SOURCE;
				MTL_FAST_MATH = YES;
				ONLY_ACTIVE_ARCH = YES;
				SDKROOT = iphoneos;
				SWIFT_ACTIVE_COMPILATION_CONDITIONS = DEBUG;
				SWIFT_OPTIMIZATION_LEVEL = "-Onone";
			};
			name = Debug;
		};
		7FEB72662573F81E00CC5558 /* Release */ = {
			isa = XCBuildConfiguration;
			buildSettings = {
				ALWAYS_SEARCH_USER_PATHS = NO;
				CLANG_ANALYZER_NONNULL = YES;
				CLANG_ANALYZER_NUMBER_OBJECT_CONVERSION = YES_AGGRESSIVE;
				CLANG_CXX_LANGUAGE_STANDARD = "gnu++14";
				CLANG_CXX_LIBRARY = "libc++";
				CLANG_ENABLE_MODULES = YES;
				CLANG_ENABLE_OBJC_ARC = YES;
				CLANG_ENABLE_OBJC_WEAK = YES;
				CLANG_WARN_BLOCK_CAPTURE_AUTORELEASING = YES;
				CLANG_WARN_BOOL_CONVERSION = YES;
				CLANG_WARN_COMMA = YES;
				CLANG_WARN_CONSTANT_CONVERSION = YES;
				CLANG_WARN_DEPRECATED_OBJC_IMPLEMENTATIONS = YES;
				CLANG_WARN_DIRECT_OBJC_ISA_USAGE = YES_ERROR;
				CLANG_WARN_DOCUMENTATION_COMMENTS = YES;
				CLANG_WARN_EMPTY_BODY = YES;
				CLANG_WARN_ENUM_CONVERSION = YES;
				CLANG_WARN_INFINITE_RECURSION = YES;
				CLANG_WARN_INT_CONVERSION = YES;
				CLANG_WARN_NON_LITERAL_NULL_CONVERSION = YES;
				CLANG_WARN_OBJC_IMPLICIT_RETAIN_SELF = YES;
				CLANG_WARN_OBJC_LITERAL_CONVERSION = YES;
				CLANG_WARN_OBJC_ROOT_CLASS = YES_ERROR;
				CLANG_WARN_QUOTED_INCLUDE_IN_FRAMEWORK_HEADER = YES;
				CLANG_WARN_RANGE_LOOP_ANALYSIS = YES;
				CLANG_WARN_STRICT_PROTOTYPES = YES;
				CLANG_WARN_SUSPICIOUS_MOVE = YES;
				CLANG_WARN_UNGUARDED_AVAILABILITY = YES_AGGRESSIVE;
				CLANG_WARN_UNREACHABLE_CODE = YES;
				CLANG_WARN__DUPLICATE_METHOD_MATCH = YES;
				COPY_PHASE_STRIP = NO;
				DEBUG_INFORMATION_FORMAT = "dwarf-with-dsym";
				ENABLE_NS_ASSERTIONS = NO;
				ENABLE_STRICT_OBJC_MSGSEND = YES;
				GCC_C_LANGUAGE_STANDARD = gnu11;
				GCC_NO_COMMON_BLOCKS = YES;
				GCC_WARN_64_TO_32_BIT_CONVERSION = YES;
				GCC_WARN_ABOUT_RETURN_TYPE = YES_ERROR;
				GCC_WARN_UNDECLARED_SELECTOR = YES;
				GCC_WARN_UNINITIALIZED_AUTOS = YES_AGGRESSIVE;
				GCC_WARN_UNUSED_FUNCTION = YES;
				GCC_WARN_UNUSED_VARIABLE = YES;
				IPHONEOS_DEPLOYMENT_TARGET = 14.2;
				MTL_ENABLE_DEBUG_INFO = NO;
				MTL_FAST_MATH = YES;
				SDKROOT = iphoneos;
				SWIFT_COMPILATION_MODE = wholemodule;
				SWIFT_OPTIMIZATION_LEVEL = "-O";
				VALIDATE_PRODUCT = YES;
			};
			name = Release;
		};
		7FEB72682573F81E00CC5558 /* Debug */ = {
			isa = XCBuildConfiguration;
			buildSettings = {
				ASSETCATALOG_COMPILER_APPICON_NAME = AppIcon;
				ASSETCATALOG_COMPILER_GLOBAL_ACCENT_COLOR_NAME = AccentColor;
				CODE_SIGN_STYLE = Automatic;
				DEVELOPMENT_TEAM = NN4L929Z2T;
				INFOPLIST_FILE = Notes/Info.plist;
				LD_RUNPATH_SEARCH_PATHS = (
					"$(inherited)",
					"@executable_path/Frameworks",
				);
				PRODUCT_BUNDLE_IDENTIFIER = com.jessicamallian.Notes;
				PRODUCT_NAME = "$(TARGET_NAME)";
				SWIFT_VERSION = 5.0;
				TARGETED_DEVICE_FAMILY = 1;
			};
			name = Debug;
		};
		7FEB72692573F81E00CC5558 /* Release */ = {
			isa = XCBuildConfiguration;
			buildSettings = {
				ASSETCATALOG_COMPILER_APPICON_NAME = AppIcon;
				ASSETCATALOG_COMPILER_GLOBAL_ACCENT_COLOR_NAME = AccentColor;
				CODE_SIGN_STYLE = Automatic;
				DEVELOPMENT_TEAM = NN4L929Z2T;
				INFOPLIST_FILE = Notes/Info.plist;
				LD_RUNPATH_SEARCH_PATHS = (
					"$(inherited)",
					"@executable_path/Frameworks",
				);
				PRODUCT_BUNDLE_IDENTIFIER = com.jessicamallian.Notes;
				PRODUCT_NAME = "$(TARGET_NAME)";
				SWIFT_VERSION = 5.0;
				TARGETED_DEVICE_FAMILY = 1;
			};
			name = Release;
		};
/* End XCBuildConfiguration section */

/* Begin XCConfigurationList section */
		7FEB724E2573F81D00CC5558 /* Build configuration list for PBXProject "Notes" */ = {
			isa = XCConfigurationList;
			buildConfigurations = (
				7FEB72652573F81E00CC5558 /* Debug */,
				7FEB72662573F81E00CC5558 /* Release */,
			);
			defaultConfigurationIsVisible = 0;
			defaultConfigurationName = Release;
		};
		7FEB72672573F81E00CC5558 /* Build configuration list for PBXNativeTarget "Notes" */ = {
			isa = XCConfigurationList;
			buildConfigurations = (
				7FEB72682573F81E00CC5558 /* Debug */,
				7FEB72692573F81E00CC5558 /* Release */,
			);
			defaultConfigurationIsVisible = 0;
			defaultConfigurationName = Release;
		};
/* End XCConfigurationList section */

/* Begin XCVersionGroup section */
		7FEB72792573FECC00CC5558 /* Notes.xcdatamodeld */ = {
			isa = XCVersionGroup;
			children = (
				7FEB727A2573FECC00CC5558 /* Notes.xcdatamodel */,
			);
			currentVersion = 7FEB727A2573FECC00CC5558 /* Notes.xcdatamodel */;
			path = Notes.xcdatamodeld;
			sourceTree = "<group>";
			versionGroupType = wrapper.xcdatamodel;
		};
/* End XCVersionGroup section */
	};
	rootObject = 7FEB724B2573F81D00CC5558 /* Project object */;
}
